
Microsoft Visual Studio Solution File, Format Version 12.00
# Visual Studio Version 17
VisualStudioVersion = 17.0.31903.59
MinimumVisualStudioVersion = 10.0.40219.1
Project("{2150E333-8FDC-42A3-9474-1A3956D46DE8}") = "src", "src", "{827E0CD3-B72D-47B6-A68D-7590B98EB39B}"
EndProject
Project("{FAE04EC0-301F-11D3-BF4B-00C04F79EFBC}") = "YNAER.Presentation", "src\YNAER.Presentation\YNAER.Presentation.csproj", "{E1F096D5-952F-4CBE-AC86-F6D93FE4CFCE}"
EndProject
Project("{FAE04EC0-301F-11D3-BF4B-00C04F79EFBC}") = "YNAER.Application", "src\YNAER.Application\YNAER.Application.csproj", "{767F23A3-0245-42D6-87B7-A22AD72A1418}"
EndProject
Project("{FAE04EC0-301F-11D3-BF4B-00C04F79EFBC}") = "YNAER.DbUp", "src\YNAER.DbUp\YNAER.DbUp.csproj", "{B8479A47-EBC7-4BC8-B5A9-05D9C29C7D2A}"
EndProject
Project("{FAE04EC0-301F-11D3-BF4B-00C04F79EFBC}") = "YNAER.Domain", "src\YNAER.Domain\YNAER.Domain.csproj", "{50BF0ECE-82C3-4E9D-8087-47AC1FF3AB76}"
EndProject
Project("{FAE04EC0-301F-11D3-BF4B-00C04F79EFBC}") = "YNAER.Infrastructure", "src\YNAER.Infrastructure\YNAER.Infrastructure.csproj", "{34B2B35D-E3E2-4433-B443-21A0A1748DE6}"
EndProject
Global
	GlobalSection(SolutionConfigurationPlatforms) = preSolution
		Debug|Any CPU = Debug|Any CPU
		Debug|x64 = Debug|x64
		Debug|x86 = Debug|x86
		Release|Any CPU = Release|Any CPU
		Release|x64 = Release|x64
		Release|x86 = Release|x86
	EndGlobalSection
	GlobalSection(ProjectConfigurationPlatforms) = postSolution
		{E1F096D5-952F-4CBE-AC86-F6D93FE4CFCE}.Debug|Any CPU.ActiveCfg = Debug|Any CPU
		{E1F096D5-952F-4CBE-AC86-F6D93FE4CFCE}.Debug|Any CPU.Build.0 = Debug|Any CPU
		{E1F096D5-952F-4CBE-AC86-F6D93FE4CFCE}.Debug|x64.ActiveCfg = Debug|Any CPU
		{E1F096D5-952F-4CBE-AC86-F6D93FE4CFCE}.Debug|x64.Build.0 = Debug|Any CPU
		{E1F096D5-952F-4CBE-AC86-F6D93FE4CFCE}.Debug|x86.ActiveCfg = Debug|Any CPU
		{E1F096D5-952F-4CBE-AC86-F6D93FE4CFCE}.Debug|x86.Build.0 = Debug|Any CPU
		{E1F096D5-952F-4CBE-AC86-F6D93FE4CFCE}.Release|Any CPU.ActiveCfg = Release|Any CPU
		{E1F096D5-952F-4CBE-AC86-F6D93FE4CFCE}.Release|Any CPU.Build.0 = Release|Any CPU
		{E1F096D5-952F-4CBE-AC86-F6D93FE4CFCE}.Release|x64.ActiveCfg = Release|Any CPU
		{E1F096D5-952F-4CBE-AC86-F6D93FE4CFCE}.Release|x64.Build.0 = Release|Any CPU
		{E1F096D5-952F-4CBE-AC86-F6D93FE4CFCE}.Release|x86.ActiveCfg = Release|Any CPU
		{E1F096D5-952F-4CBE-AC86-F6D93FE4CFCE}.Release|x86.Build.0 = Release|Any CPU
		{767F23A3-0245-42D6-87B7-A22AD72A1418}.Debug|Any CPU.ActiveCfg = Debug|Any CPU
		{767F23A3-0245-42D6-87B7-A22AD72A1418}.Debug|Any CPU.Build.0 = Debug|Any CPU
		{767F23A3-0245-42D6-87B7-A22AD72A1418}.Debug|x64.ActiveCfg = Debug|Any CPU
		{767F23A3-0245-42D6-87B7-A22AD72A1418}.Debug|x64.Build.0 = Debug|Any CPU
		{767F23A3-0245-42D6-87B7-A22AD72A1418}.Debug|x86.ActiveCfg = Debug|Any CPU
		{767F23A3-0245-42D6-87B7-A22AD72A1418}.Debug|x86.Build.0 = Debug|Any CPU
		{767F23A3-0245-42D6-87B7-A22AD72A1418}.Release|Any CPU.ActiveCfg = Release|Any CPU
		{767F23A3-0245-42D6-87B7-A22AD72A1418}.Release|Any CPU.Build.0 = Release|Any CPU
		{767F23A3-0245-42D6-87B7-A22AD72A1418}.Release|x64.ActiveCfg = Release|Any CPU
		{767F23A3-0245-42D6-87B7-A22AD72A1418}.Release|x64.Build.0 = Release|Any CPU
		{767F23A3-0245-42D6-87B7-A22AD72A1418}.Release|x86.ActiveCfg = Release|Any CPU
		{767F23A3-0245-42D6-87B7-A22AD72A1418}.Release|x86.Build.0 = Release|Any CPU
		{B8479A47-EBC7-4BC8-B5A9-05D9C29C7D2A}.Debug|Any CPU.ActiveCfg = Debug|Any CPU
		{B8479A47-EBC7-4BC8-B5A9-05D9C29C7D2A}.Debug|Any CPU.Build.0 = Debug|Any CPU
		{B8479A47-EBC7-4BC8-B5A9-05D9C29C7D2A}.Debug|x64.ActiveCfg = Debug|Any CPU
		{B8479A47-EBC7-4BC8-B5A9-05D9C29C7D2A}.Debug|x64.Build.0 = Debug|Any CPU
		{B8479A47-EBC7-4BC8-B5A9-05D9C29C7D2A}.Debug|x86.ActiveCfg = Debug|Any CPU
		{B8479A47-EBC7-4BC8-B5A9-05D9C29C7D2A}.Debug|x86.Build.0 = Debug|Any CPU
		{B8479A47-EBC7-4BC8-B5A9-05D9C29C7D2A}.Release|Any CPU.ActiveCfg = Release|Any CPU
		{B8479A47-EBC7-4BC8-B5A9-05D9C29C7D2A}.Release|Any CPU.Build.0 = Release|Any CPU
		{B8479A47-EBC7-4BC8-B5A9-05D9C29C7D2A}.Release|x64.ActiveCfg = Release|Any CPU
		{B8479A47-EBC7-4BC8-B5A9-05D9C29C7D2A}.Release|x64.Build.0 = Release|Any CPU
		{B8479A47-EBC7-4BC8-B5A9-05D9C29C7D2A}.Release|x86.ActiveCfg = Release|Any CPU
		{B8479A47-EBC7-4BC8-B5A9-05D9C29C7D2A}.Release|x86.Build.0 = Release|Any CPU
		{50BF0ECE-82C3-4E9D-8087-47AC1FF3AB76}.Debug|Any CPU.ActiveCfg = Debug|Any CPU
		{50BF0ECE-82C3-4E9D-8087-47AC1FF3AB76}.Debug|Any CPU.Build.0 = Debug|Any CPU
		{50BF0ECE-82C3-4E9D-8087-47AC1FF3AB76}.Debug|x64.ActiveCfg = Debug|Any CPU
		{50BF0ECE-82C3-4E9D-8087-47AC1FF3AB76}.Debug|x64.Build.0 = Debug|Any CPU
		{50BF0ECE-82C3-4E9D-8087-47AC1FF3AB76}.Debug|x86.ActiveCfg = Debug|Any CPU
		{50BF0ECE-82C3-4E9D-8087-47AC1FF3AB76}.Debug|x86.Build.0 = Debug|Any CPU
		{50BF0ECE-82C3-4E9D-8087-47AC1FF3AB76}.Release|Any CPU.ActiveCfg = Release|Any CPU
		{50BF0ECE-82C3-4E9D-8087-47AC1FF3AB76}.Release|Any CPU.Build.0 = Release|Any CPU
		{50BF0ECE-82C3-4E9D-8087-47AC1FF3AB76}.Release|x64.ActiveCfg = Release|Any CPU
		{50BF0ECE-82C3-4E9D-8087-47AC1FF3AB76}.Release|x64.Build.0 = Release|Any CPU
		{50BF0ECE-82C3-4E9D-8087-47AC1FF3AB76}.Release|x86.ActiveCfg = Release|Any CPU
		{50BF0ECE-82C3-4E9D-8087-47AC1FF3AB76}.Release|x86.Build.0 = Release|Any CPU
		{34B2B35D-E3E2-4433-B443-21A0A1748DE6}.Debug|Any CPU.ActiveCfg = Debug|Any CPU
		{34B2B35D-E3E2-4433-B443-21A0A1748DE6}.Debug|Any CPU.Build.0 = Debug|Any CPU
		{34B2B35D-E3E2-4433-B443-21A0A1748DE6}.Debug|x64.ActiveCfg = Debug|Any CPU
		{34B2B35D-E3E2-4433-B443-21A0A1748DE6}.Debug|x64.Build.0 = Debug|Any CPU
		{34B2B35D-E3E2-4433-B443-21A0A1748DE6}.Debug|x86.ActiveCfg = Debug|Any CPU
		{34B2B35D-E3E2-4433-B443-21A0A1748DE6}.Debug|x86.Build.0 = Debug|Any CPU
		{34B2B35D-E3E2-4433-B443-21A0A1748DE6}.Release|Any CPU.ActiveCfg = Release|Any CPU
		{34B2B35D-E3E2-4433-B443-21A0A1748DE6}.Release|Any CPU.Build.0 = Release|Any CPU
		{34B2B35D-E3E2-4433-B443-21A0A1748DE6}.Release|x64.ActiveCfg = Release|Any CPU
		{34B2B35D-E3E2-4433-B443-21A0A1748DE6}.Release|x64.Build.0 = Release|Any CPU
		{34B2B35D-E3E2-4433-B443-21A0A1748DE6}.Release|x86.ActiveCfg = Release|Any CPU
		{34B2B35D-E3E2-4433-B443-21A0A1748DE6}.Release|x86.Build.0 = Release|Any CPU
	EndGlobalSection
	GlobalSection(SolutionProperties) = preSolution
		HideSolutionNode = FALSE
	EndGlobalSection
	GlobalSection(NestedProjects) = preSolution
		{E1F096D5-952F-4CBE-AC86-F6D93FE4CFCE} = {827E0CD3-B72D-47B6-A68D-7590B98EB39B}
		{767F23A3-0245-42D6-87B7-A22AD72A1418} = {827E0CD3-B72D-47B6-A68D-7590B98EB39B}
		{B8479A47-EBC7-4BC8-B5A9-05D9C29C7D2A} = {827E0CD3-B72D-47B6-A68D-7590B98EB39B}
		{50BF0ECE-82C3-4E9D-8087-47AC1FF3AB76} = {827E0CD3-B72D-47B6-A68D-7590B98EB39B}
		{34B2B35D-E3E2-4433-B443-21A0A1748DE6} = {827E0CD3-B72D-47B6-A68D-7590B98EB39B}
	EndGlobalSection
EndGlobal
